
Microsoft Visual Studio Solution File, Format Version 12.00
# Visual Studio Version 17
VisualStudioVersion = 17.5.33502.453
MinimumVisualStudioVersion = 10.0.40219.1
Project("{FAE04EC0-301F-11D3-BF4B-00C04F79EFBC}") = "Operator Overloading 2", "Operator Overloading 2\Operator Overloading 2.csproj", "{BB45058D-95EC-46B9-86E8-29A64066ED65}"
EndProject
Global
	GlobalSection(SolutionConfigurationPlatforms) = preSolution
		Debug|Any CPU = Debug|Any CPU
		Release|Any CPU = Release|Any CPU
	EndGlobalSection
	GlobalSection(ProjectConfigurationPlatforms) = postSolution
		{BB45058D-95EC-46B9-86E8-29A64066ED65}.Debug|Any CPU.ActiveCfg = Debug|Any CPU
		{BB45058D-95EC-46B9-86E8-29A64066ED65}.Debug|Any CPU.Build.0 = Debug|Any CPU
		{BB45058D-95EC-46B9-86E8-29A64066ED65}.Release|Any CPU.ActiveCfg = Release|Any CPU
		{BB45058D-95EC-46B9-86E8-29A64066ED65}.Release|Any CPU.Build.0 = Release|Any CPU
	EndGlobalSection
	GlobalSection(SolutionProperties) = preSolution
		HideSolutionNode = FALSE
	EndGlobalSection
	GlobalSection(ExtensibilityGlobals) = postSolution
		SolutionGuid = {A86A6600-D42B-4F7C-BE73-AB127D69741D}
	EndGlobalSection
EndGlobal
